
Microsoft Visual Studio Solution File, Format Version 12.00
# Visual Studio 15
VisualStudioVersion = 15.0.28307.329
MinimumVisualStudioVersion = 10.0.40219.1
Project("{9A19103F-16F7-4668-BE54-9A1E7A4F7556}") = "NoteAPI", "NoteAPI\NoteAPI.csproj", "{878047B3-7B0A-471C-BEE6-0D6180B97ECE}"
EndProject
Project("{9A19103F-16F7-4668-BE54-9A1E7A4F7556}") = "NoteServiceLayer", "NoteServiceLayer\NoteServiceLayer.csproj", "{CDB6B1BA-3EAC-47E5-B8B1-2A05B5ED4B87}"
EndProject
Project("{FAE04EC0-301F-11D3-BF4B-00C04F79EFBC}") = "DataLayer", "DataLayer\DataLayer.csproj", "{6094DEBC-9130-433C-88F0-421B2A4270BB}"
EndProject
Global
	GlobalSection(SolutionConfigurationPlatforms) = preSolution
		Debug|Any CPU = Debug|Any CPU
		Release|Any CPU = Release|Any CPU
	EndGlobalSection
	GlobalSection(ProjectConfigurationPlatforms) = postSolution
		{878047B3-7B0A-471C-BEE6-0D6180B97ECE}.Debug|Any CPU.ActiveCfg = Debug|Any CPU
		{878047B3-7B0A-471C-BEE6-0D6180B97ECE}.Debug|Any CPU.Build.0 = Debug|Any CPU
		{878047B3-7B0A-471C-BEE6-0D6180B97ECE}.Release|Any CPU.ActiveCfg = Release|Any CPU
		{878047B3-7B0A-471C-BEE6-0D6180B97ECE}.Release|Any CPU.Build.0 = Release|Any CPU
		{CDB6B1BA-3EAC-47E5-B8B1-2A05B5ED4B87}.Debug|Any CPU.ActiveCfg = Debug|Any CPU
		{CDB6B1BA-3EAC-47E5-B8B1-2A05B5ED4B87}.Debug|Any CPU.Build.0 = Debug|Any CPU
		{CDB6B1BA-3EAC-47E5-B8B1-2A05B5ED4B87}.Release|Any CPU.ActiveCfg = Release|Any CPU
		{CDB6B1BA-3EAC-47E5-B8B1-2A05B5ED4B87}.Release|Any CPU.Build.0 = Release|Any CPU
		{6094DEBC-9130-433C-88F0-421B2A4270BB}.Debug|Any CPU.ActiveCfg = Debug|Any CPU
		{6094DEBC-9130-433C-88F0-421B2A4270BB}.Debug|Any CPU.Build.0 = Debug|Any CPU
		{6094DEBC-9130-433C-88F0-421B2A4270BB}.Release|Any CPU.ActiveCfg = Release|Any CPU
		{6094DEBC-9130-433C-88F0-421B2A4270BB}.Release|Any CPU.Build.0 = Release|Any CPU
	EndGlobalSection
	GlobalSection(SolutionProperties) = preSolution
		HideSolutionNode = FALSE
	EndGlobalSection
	GlobalSection(ExtensibilityGlobals) = postSolution
		SolutionGuid = {D4DAC523-9FE3-4CF4-BF69-8B7A6095DB1F}
	EndGlobalSection
EndGlobal
